
Microsoft Visual Studio Solution File, Format Version 12.00
# Visual Studio Version 16
VisualStudioVersion = 16.0.28803.202
MinimumVisualStudioVersion = 10.0.40219.1
Project("{FAE04EC0-301F-11D3-BF4B-00C04F79EFBC}") = "Xil.Server", "Xil.Server\Xil.Server.csproj", "{037FA849-1729-4FB0-8D34-9D10EA363E27}"
EndProject
Project("{FAE04EC0-301F-11D3-BF4B-00C04F79EFBC}") = "Xil.Client", "Xil.Client\Xil.Client.csproj", "{080DC9C5-6A60-46C1-A158-FD0131ECAE26}"
EndProject
Project("{FAE04EC0-301F-11D3-BF4B-00C04F79EFBC}") = "Xil.Shared", "Xil.Shared\Xil.Shared.csproj", "{84405447-6605-47A4-9ABE-6CCEE4430DA2}"
EndProject
Global
	GlobalSection(SolutionConfigurationPlatforms) = preSolution
		Debug|Any CPU = Debug|Any CPU
		Release|Any CPU = Release|Any CPU
	EndGlobalSection
	GlobalSection(ProjectConfigurationPlatforms) = postSolution
		{037FA849-1729-4FB0-8D34-9D10EA363E27}.Debug|Any CPU.ActiveCfg = Debug|Any CPU
		{037FA849-1729-4FB0-8D34-9D10EA363E27}.Debug|Any CPU.Build.0 = Debug|Any CPU
		{037FA849-1729-4FB0-8D34-9D10EA363E27}.Release|Any CPU.ActiveCfg = Release|Any CPU
		{037FA849-1729-4FB0-8D34-9D10EA363E27}.Release|Any CPU.Build.0 = Release|Any CPU
		{080DC9C5-6A60-46C1-A158-FD0131ECAE26}.Debug|Any CPU.ActiveCfg = Debug|Any CPU
		{080DC9C5-6A60-46C1-A158-FD0131ECAE26}.Debug|Any CPU.Build.0 = Debug|Any CPU
		{080DC9C5-6A60-46C1-A158-FD0131ECAE26}.Release|Any CPU.ActiveCfg = Release|Any CPU
		{080DC9C5-6A60-46C1-A158-FD0131ECAE26}.Release|Any CPU.Build.0 = Release|Any CPU
		{84405447-6605-47A4-9ABE-6CCEE4430DA2}.Debug|Any CPU.ActiveCfg = Debug|Any CPU
		{84405447-6605-47A4-9ABE-6CCEE4430DA2}.Debug|Any CPU.Build.0 = Debug|Any CPU
		{84405447-6605-47A4-9ABE-6CCEE4430DA2}.Release|Any CPU.ActiveCfg = Release|Any CPU
		{84405447-6605-47A4-9ABE-6CCEE4430DA2}.Release|Any CPU.Build.0 = Release|Any CPU
	EndGlobalSection
	GlobalSection(SolutionProperties) = preSolution
		HideSolutionNode = FALSE
	EndGlobalSection
	GlobalSection(ExtensibilityGlobals) = postSolution
		SolutionGuid = {9CF8ED9D-AF99-464B-8FF4-EE74A8B2895E}
	EndGlobalSection
EndGlobal
